
Microsoft Visual Studio Solution File, Format Version 12.00
# Visual Studio Version 17
VisualStudioVersion = 17.5.002.0
MinimumVisualStudioVersion = 10.0.40219.1
Project("{9A19103F-16F7-4668-BE54-9A1E7A4F7556}") = "InternetBank", "InternetBank.csproj", "{35BBA409-8C9A-4DCC-AA88-1DA667B807BA}"
EndProject
Global
	GlobalSection(SolutionConfigurationPlatforms) = preSolution
		Debug|Any CPU = Debug|Any CPU
		Release|Any CPU = Release|Any CPU
	EndGlobalSection
	GlobalSection(ProjectConfigurationPlatforms) = postSolution
		{35BBA409-8C9A-4DCC-AA88-1DA667B807BA}.Debug|Any CPU.ActiveCfg = Debug|Any CPU
		{35BBA409-8C9A-4DCC-AA88-1DA667B807BA}.Debug|Any CPU.Build.0 = Debug|Any CPU
		{35BBA409-8C9A-4DCC-AA88-1DA667B807BA}.Release|Any CPU.ActiveCfg = Release|Any CPU
		{35BBA409-8C9A-4DCC-AA88-1DA667B807BA}.Release|Any CPU.Build.0 = Release|Any CPU
	EndGlobalSection
	GlobalSection(SolutionProperties) = preSolution
		HideSolutionNode = FALSE
	EndGlobalSection
	GlobalSection(ExtensibilityGlobals) = postSolution
		SolutionGuid = {5C0418EE-3738-4E40-98C9-DA29FF724EB3}
	EndGlobalSection
EndGlobal
